
Microsoft Visual Studio Solution File, Format Version 12.00
# Visual Studio Version 17
VisualStudioVersion = 17.8.34330.188
MinimumVisualStudioVersion = 10.0.40219.1
Project("{FAE04EC0-301F-11D3-BF4B-00C04F79EFBC}") = "eCommerce app - Admin", "eCommerce app - Admin\eCommerce app - Admin.csproj", "{1E5ECA72-AE4C-4C50-B745-7C2A4AD62889}"
EndProject
Global
	GlobalSection(SolutionConfigurationPlatforms) = preSolution
		Debug|Any CPU = Debug|Any CPU
		Release|Any CPU = Release|Any CPU
	EndGlobalSection
	GlobalSection(ProjectConfigurationPlatforms) = postSolution
		{1E5ECA72-AE4C-4C50-B745-7C2A4AD62889}.Debug|Any CPU.ActiveCfg = Debug|Any CPU
		{1E5ECA72-AE4C-4C50-B745-7C2A4AD62889}.Debug|Any CPU.Build.0 = Debug|Any CPU
		{1E5ECA72-AE4C-4C50-B745-7C2A4AD62889}.Release|Any CPU.ActiveCfg = Release|Any CPU
		{1E5ECA72-AE4C-4C50-B745-7C2A4AD62889}.Release|Any CPU.Build.0 = Release|Any CPU
	EndGlobalSection
	GlobalSection(SolutionProperties) = preSolution
		HideSolutionNode = FALSE
	EndGlobalSection
	GlobalSection(ExtensibilityGlobals) = postSolution
		SolutionGuid = {990119D1-250B-4624-83F9-3B13D25AC29F}
	EndGlobalSection
EndGlobal
